// !$*UTF8*$!
{
	archiveVersion = 1;
	classes = {
	};
	objectVersion = 56;
	objects = {

/* Begin PBXBuildFile section */
		5EB5758B2AE96756004B674D /* ToDoListApp.swift in Sources */ = {isa = PBXBuildFile; fileRef = 5EB5758A2AE96756004B674D /* ToDoListApp.swift */; };
		5EB5758D2AE96756004B674D /* MainView.swift in Sources */ = {isa = PBXBuildFile; fileRef = 5EB5758C2AE96756004B674D /* MainView.swift */; };
		5EB5758F2AE96758004B674D /* Assets.xcassets in Resources */ = {isa = PBXBuildFile; fileRef = 5EB5758E2AE96758004B674D /* Assets.xcassets */; };
		5EB575922AE96758004B674D /* Preview Assets.xcassets in Resources */ = {isa = PBXBuildFile; fileRef = 5EB575912AE96758004B674D /* Preview Assets.xcassets */; };
		5EB5759C2AE96758004B674D /* ToDoListTests.swift in Sources */ = {isa = PBXBuildFile; fileRef = 5EB5759B2AE96758004B674D /* ToDoListTests.swift */; };
		5EB575A62AE96758004B674D /* ToDoListUITests.swift in Sources */ = {isa = PBXBuildFile; fileRef = 5EB575A52AE96758004B674D /* ToDoListUITests.swift */; };
		5EB575A82AE96758004B674D /* ToDoListUITestsLaunchTests.swift in Sources */ = {isa = PBXBuildFile; fileRef = 5EB575A72AE96758004B674D /* ToDoListUITestsLaunchTests.swift */; };
		5EB575B62AE96A21004B674D /* FirebaseAuth in Frameworks */ = {isa = PBXBuildFile; productRef = 5EB575B52AE96A21004B674D /* FirebaseAuth */; };
		5EB575B82AE96A21004B674D /* FirebaseFirestore in Frameworks */ = {isa = PBXBuildFile; productRef = 5EB575B72AE96A21004B674D /* FirebaseFirestore */; };
		5EB575BA2AE96A21004B674D /* FirebaseFirestoreSwift in Frameworks */ = {isa = PBXBuildFile; productRef = 5EB575B92AE96A21004B674D /* FirebaseFirestoreSwift */; };
		5EB575BC2AE96E8C004B674D /* GoogleService-Info.plist in Resources */ = {isa = PBXBuildFile; fileRef = 5EB575BB2AE96E8C004B674D /* GoogleService-Info.plist */; };
		5EB575C22AE971A1004B674D /* ProfileView.swift in Sources */ = {isa = PBXBuildFile; fileRef = 5EB575C12AE971A1004B674D /* ProfileView.swift */; };
		5EB575C42AE971C6004B674D /* ToDoListView.swift in Sources */ = {isa = PBXBuildFile; fileRef = 5EB575C32AE971C6004B674D /* ToDoListView.swift */; };
		5EB575C62AE971E0004B674D /* NewItemView.swift in Sources */ = {isa = PBXBuildFile; fileRef = 5EB575C52AE971E0004B674D /* NewItemView.swift */; };
		5EB575C82AE971F0004B674D /* LoginView.swift in Sources */ = {isa = PBXBuildFile; fileRef = 5EB575C72AE971F0004B674D /* LoginView.swift */; };
		5EB575CA2AE971FD004B674D /* RegisterView.swift in Sources */ = {isa = PBXBuildFile; fileRef = 5EB575C92AE971FD004B674D /* RegisterView.swift */; };
		5EB575CC2AE97228004B674D /* ToDoListItemView.swift in Sources */ = {isa = PBXBuildFile; fileRef = 5EB575CB2AE97228004B674D /* ToDoListItemView.swift */; };
		5EB575CE2AE972C7004B674D /* User.swift in Sources */ = {isa = PBXBuildFile; fileRef = 5EB575CD2AE972C7004B674D /* User.swift */; };
		5EB575D02AE972DF004B674D /* ToDoListItem.swift in Sources */ = {isa = PBXBuildFile; fileRef = 5EB575CF2AE972DF004B674D /* ToDoListItem.swift */; };
		5EB575D22AE97301004B674D /* MainViewViewModel.swift in Sources */ = {isa = PBXBuildFile; fileRef = 5EB575D12AE97301004B674D /* MainViewViewModel.swift */; };
		5EB575D42AE9731A004B674D /* ProfielViewViewModel.swift in Sources */ = {isa = PBXBuildFile; fileRef = 5EB575D32AE9731A004B674D /* ProfielViewViewModel.swift */; };
		5EB575D62AE9732F004B674D /* ToDoListViewViewModel.swift in Sources */ = {isa = PBXBuildFile; fileRef = 5EB575D52AE9732F004B674D /* ToDoListViewViewModel.swift */; };
		5EB575D82AE97347004B674D /* NewItemViewViewModel.swift in Sources */ = {isa = PBXBuildFile; fileRef = 5EB575D72AE97347004B674D /* NewItemViewViewModel.swift */; };
		5EB575DA2AE9735B004B674D /* LoginViewViewModel.swift in Sources */ = {isa = PBXBuildFile; fileRef = 5EB575D92AE9735B004B674D /* LoginViewViewModel.swift */; };
		5EB575DC2AE9736A004B674D /* RegisterViewViewModel.swift in Sources */ = {isa = PBXBuildFile; fileRef = 5EB575DB2AE9736A004B674D /* RegisterViewViewModel.swift */; };
		5EB575DE2AE9738D004B674D /* ToDoListItemViewViewModel.swift in Sources */ = {isa = PBXBuildFile; fileRef = 5EB575DD2AE9738D004B674D /* ToDoListItemViewViewModel.swift */; };
		5EB575E02AE976D3004B674D /* HeaderView.swift in Sources */ = {isa = PBXBuildFile; fileRef = 5EB575DF2AE976D3004B674D /* HeaderView.swift */; };
		5EB575E22AE98C2F004B674D /* TLButton.swift in Sources */ = {isa = PBXBuildFile; fileRef = 5EB575E12AE98C2F004B674D /* TLButton.swift */; };
		5EB575E42AE9BB24004B674D /* Extensions.swift in Sources */ = {isa = PBXBuildFile; fileRef = 5EB575E32AE9BB24004B674D /* Extensions.swift */; };
		5EF8E6292AEA10EC00D711B2 /* Launch Screen.storyboard in Resources */ = {isa = PBXBuildFile; fileRef = 5EF8E6282AEA10EC00D711B2 /* Launch Screen.storyboard */; };
/* End PBXBuildFile section */

/* Begin PBXContainerItemProxy section */
		5EB575982AE96758004B674D /* PBXContainerItemProxy */ = {
			isa = PBXContainerItemProxy;
			containerPortal = 5EB5757F2AE96756004B674D /* Project object */;
			proxyType = 1;
			remoteGlobalIDString = 5EB575862AE96756004B674D;
			remoteInfo = ToDoList;
		};
		5EB575A22AE96758004B674D /* PBXContainerItemProxy */ = {
			isa = PBXContainerItemProxy;
			containerPortal = 5EB5757F2AE96756004B674D /* Project object */;
			proxyType = 1;
			remoteGlobalIDString = 5EB575862AE96756004B674D;
			remoteInfo = ToDoList;
		};
/* End PBXContainerItemProxy section */

/* Begin PBXFileReference section */
		5EB575872AE96756004B674D /* ToDoList.app */ = {isa = PBXFileReference; explicitFileType = wrapper.application; includeInIndex = 0; path = ToDoList.app; sourceTree = BUILT_PRODUCTS_DIR; };
		5EB5758A2AE96756004B674D /* ToDoListApp.swift */ = {isa = PBXFileReference; lastKnownFileType = sourcecode.swift; path = ToDoListApp.swift; sourceTree = "<group>"; };
		5EB5758C2AE96756004B674D /* MainView.swift */ = {isa = PBXFileReference; lastKnownFileType = sourcecode.swift; path = MainView.swift; sourceTree = "<group>"; };
		5EB5758E2AE96758004B674D /* Assets.xcassets */ = {isa = PBXFileReference; lastKnownFileType = folder.assetcatalog; path = Assets.xcassets; sourceTree = "<group>"; };
		5EB575912AE96758004B674D /* Preview Assets.xcassets */ = {isa = PBXFileReference; lastKnownFileType = folder.assetcatalog; path = "Preview Assets.xcassets"; sourceTree = "<group>"; };
		5EB575972AE96758004B674D /* ToDoListTests.xctest */ = {isa = PBXFileReference; explicitFileType = wrapper.cfbundle; includeInIndex = 0; path = ToDoListTests.xctest; sourceTree = BUILT_PRODUCTS_DIR; };
		5EB5759B2AE96758004B674D /* ToDoListTests.swift */ = {isa = PBXFileReference; lastKnownFileType = sourcecode.swift; path = ToDoListTests.swift; sourceTree = "<group>"; };
		5EB575A12AE96758004B674D /* ToDoListUITests.xctest */ = {isa = PBXFileReference; explicitFileType = wrapper.cfbundle; includeInIndex = 0; path = ToDoListUITests.xctest; sourceTree = BUILT_PRODUCTS_DIR; };
		5EB575A52AE96758004B674D /* ToDoListUITests.swift */ = {isa = PBXFileReference; lastKnownFileType = sourcecode.swift; path = ToDoListUITests.swift; sourceTree = "<group>"; };
		5EB575A72AE96758004B674D /* ToDoListUITestsLaunchTests.swift */ = {isa = PBXFileReference; lastKnownFileType = sourcecode.swift; path = ToDoListUITestsLaunchTests.swift; sourceTree = "<group>"; };
		5EB575BB2AE96E8C004B674D /* GoogleService-Info.plist */ = {isa = PBXFileReference; fileEncoding = 4; lastKnownFileType = text.plist.xml; path = "GoogleService-Info.plist"; sourceTree = "<group>"; };
		5EB575C12AE971A1004B674D /* ProfileView.swift */ = {isa = PBXFileReference; lastKnownFileType = sourcecode.swift; path = ProfileView.swift; sourceTree = "<group>"; };
		5EB575C32AE971C6004B674D /* ToDoListView.swift */ = {isa = PBXFileReference; lastKnownFileType = sourcecode.swift; path = ToDoListView.swift; sourceTree = "<group>"; };
		5EB575C52AE971E0004B674D /* NewItemView.swift */ = {isa = PBXFileReference; lastKnownFileType = sourcecode.swift; path = NewItemView.swift; sourceTree = "<group>"; };
		5EB575C72AE971F0004B674D /* LoginView.swift */ = {isa = PBXFileReference; lastKnownFileType = sourcecode.swift; path = LoginView.swift; sourceTree = "<group>"; };
		5EB575C92AE971FD004B674D /* RegisterView.swift */ = {isa = PBXFileReference; lastKnownFileType = sourcecode.swift; path = RegisterView.swift; sourceTree = "<group>"; };
		5EB575CB2AE97228004B674D /* ToDoListItemView.swift */ = {isa = PBXFileReference; lastKnownFileType = sourcecode.swift; path = ToDoListItemView.swift; sourceTree = "<group>"; };
		5EB575CD2AE972C7004B674D /* User.swift */ = {isa = PBXFileReference; lastKnownFileType = sourcecode.swift; path = User.swift; sourceTree = "<group>"; };
		5EB575CF2AE972DF004B674D /* ToDoListItem.swift */ = {isa = PBXFileReference; lastKnownFileType = sourcecode.swift; path = ToDoListItem.swift; sourceTree = "<group>"; };
		5EB575D12AE97301004B674D /* MainViewViewModel.swift */ = {isa = PBXFileReference; lastKnownFileType = sourcecode.swift; path = MainViewViewModel.swift; sourceTree = "<group>"; };
		5EB575D32AE9731A004B674D /* ProfielViewViewModel.swift */ = {isa = PBXFileReference; lastKnownFileType = sourcecode.swift; path = ProfielViewViewModel.swift; sourceTree = "<group>"; };
		5EB575D52AE9732F004B674D /* ToDoListViewViewModel.swift */ = {isa = PBXFileReference; lastKnownFileType = sourcecode.swift; path = ToDoListViewViewModel.swift; sourceTree = "<group>"; };
		5EB575D72AE97347004B674D /* NewItemViewViewModel.swift */ = {isa = PBXFileReference; lastKnownFileType = sourcecode.swift; path = NewItemViewViewModel.swift; sourceTree = "<group>"; };
		5EB575D92AE9735B004B674D /* LoginViewViewModel.swift */ = {isa = PBXFileReference; lastKnownFileType = sourcecode.swift; path = LoginViewViewModel.swift; sourceTree = "<group>"; };
		5EB575DB2AE9736A004B674D /* RegisterViewViewModel.swift */ = {isa = PBXFileReference; lastKnownFileType = sourcecode.swift; path = RegisterViewViewModel.swift; sourceTree = "<group>"; };
		5EB575DD2AE9738D004B674D /* ToDoListItemViewViewModel.swift */ = {isa = PBXFileReference; lastKnownFileType = sourcecode.swift; path = ToDoListItemViewViewModel.swift; sourceTree = "<group>"; };
		5EB575DF2AE976D3004B674D /* HeaderView.swift */ = {isa = PBXFileReference; lastKnownFileType = sourcecode.swift; path = HeaderView.swift; sourceTree = "<group>"; };
		5EB575E12AE98C2F004B674D /* TLButton.swift */ = {isa = PBXFileReference; lastKnownFileType = sourcecode.swift; path = TLButton.swift; sourceTree = "<group>"; };
		5EB575E32AE9BB24004B674D /* Extensions.swift */ = {isa = PBXFileReference; lastKnownFileType = sourcecode.swift; path = Extensions.swift; sourceTree = "<group>"; };
		5EF8E6282AEA10EC00D711B2 /* Launch Screen.storyboard */ = {isa = PBXFileReference; lastKnownFileType = file.storyboard; path = "Launch Screen.storyboard"; sourceTree = "<group>"; };
/* End PBXFileReference section */

/* Begin PBXFrameworksBuildPhase section */
		5EB575842AE96756004B674D /* Frameworks */ = {
			isa = PBXFrameworksBuildPhase;
			buildActionMask = 2147483647;
			files = (
				5EB575B62AE96A21004B674D /* FirebaseAuth in Frameworks */,
				5EB575B82AE96A21004B674D /* FirebaseFirestore in Frameworks */,
				5EB575BA2AE96A21004B674D /* FirebaseFirestoreSwift in Frameworks */,
			);
			runOnlyForDeploymentPostprocessing = 0;
		};
		5EB575942AE96758004B674D /* Frameworks */ = {
			isa = PBXFrameworksBuildPhase;
			buildActionMask = 2147483647;
			files = (
			);
			runOnlyForDeploymentPostprocessing = 0;
		};
		5EB5759E2AE96758004B674D /* Frameworks */ = {
			isa = PBXFrameworksBuildPhase;
			buildActionMask = 2147483647;
			files = (
			);
			runOnlyForDeploymentPostprocessing = 0;
		};
/* End PBXFrameworksBuildPhase section */

/* Begin PBXGroup section */
		5EB5757E2AE96756004B674D = {
			isa = PBXGroup;
			children = (
				5EB575892AE96756004B674D /* ToDoList */,
				5EB5759A2AE96758004B674D /* ToDoListTests */,
				5EB575A42AE96758004B674D /* ToDoListUITests */,
				5EB575882AE96756004B674D /* Products */,
			);
			sourceTree = "<group>";
		};
		5EB575882AE96756004B674D /* Products */ = {
			isa = PBXGroup;
			children = (
				5EB575872AE96756004B674D /* ToDoList.app */,
				5EB575972AE96758004B674D /* ToDoListTests.xctest */,
				5EB575A12AE96758004B674D /* ToDoListUITests.xctest */,
			);
			name = Products;
			sourceTree = "<group>";
		};
		5EB575892AE96756004B674D /* ToDoList */ = {
			isa = PBXGroup;
			children = (
				5EB575C02AE9704D004B674D /* Others */,
				5EB575BF2AE97044004B674D /* Models */,
				5EB575BE2AE97037004B674D /* ViewModels */,
				5EB575BD2AE97027004B674D /* Views */,
				5EB575902AE96758004B674D /* Preview Content */,
			);
			path = ToDoList;
			sourceTree = "<group>";
		};
		5EB575902AE96758004B674D /* Preview Content */ = {
			isa = PBXGroup;
			children = (
				5EB575912AE96758004B674D /* Preview Assets.xcassets */,
			);
			path = "Preview Content";
			sourceTree = "<group>";
		};
		5EB5759A2AE96758004B674D /* ToDoListTests */ = {
			isa = PBXGroup;
			children = (
				5EB5759B2AE96758004B674D /* ToDoListTests.swift */,
			);
			path = ToDoListTests;
			sourceTree = "<group>";
		};
		5EB575A42AE96758004B674D /* ToDoListUITests */ = {
			isa = PBXGroup;
			children = (
				5EB575A52AE96758004B674D /* ToDoListUITests.swift */,
				5EB575A72AE96758004B674D /* ToDoListUITestsLaunchTests.swift */,
			);
			path = ToDoListUITests;
			sourceTree = "<group>";
		};
		5EB575BD2AE97027004B674D /* Views */ = {
			isa = PBXGroup;
			children = (
				5EB5758C2AE96756004B674D /* MainView.swift */,
				5EB575C12AE971A1004B674D /* ProfileView.swift */,
				5EB575C32AE971C6004B674D /* ToDoListView.swift */,
				5EB575C52AE971E0004B674D /* NewItemView.swift */,
				5EB575C72AE971F0004B674D /* LoginView.swift */,
				5EB575C92AE971FD004B674D /* RegisterView.swift */,
				5EB575CB2AE97228004B674D /* ToDoListItemView.swift */,
				5EB575DF2AE976D3004B674D /* HeaderView.swift */,
				5EB575E12AE98C2F004B674D /* TLButton.swift */,
			);
			path = Views;
			sourceTree = "<group>";
		};
		5EB575BE2AE97037004B674D /* ViewModels */ = {
			isa = PBXGroup;
			children = (
				5EB575D12AE97301004B674D /* MainViewViewModel.swift */,
				5EB575D32AE9731A004B674D /* ProfielViewViewModel.swift */,
				5EB575D52AE9732F004B674D /* ToDoListViewViewModel.swift */,
				5EB575D72AE97347004B674D /* NewItemViewViewModel.swift */,
				5EB575D92AE9735B004B674D /* LoginViewViewModel.swift */,
				5EB575DB2AE9736A004B674D /* RegisterViewViewModel.swift */,
				5EB575DD2AE9738D004B674D /* ToDoListItemViewViewModel.swift */,
			);
			path = ViewModels;
			sourceTree = "<group>";
		};
		5EB575BF2AE97044004B674D /* Models */ = {
			isa = PBXGroup;
			children = (
				5EB575CD2AE972C7004B674D /* User.swift */,
				5EB575CF2AE972DF004B674D /* ToDoListItem.swift */,
			);
			path = Models;
			sourceTree = "<group>";
		};
		5EB575C02AE9704D004B674D /* Others */ = {
			isa = PBXGroup;
			children = (
				5EB575BB2AE96E8C004B674D /* GoogleService-Info.plist */,
				5EB5758E2AE96758004B674D /* Assets.xcassets */,
				5EB5758A2AE96756004B674D /* ToDoListApp.swift */,
				5EB575E32AE9BB24004B674D /* Extensions.swift */,
				5EF8E6282AEA10EC00D711B2 /* Launch Screen.storyboard */,
			);
			path = Others;
			sourceTree = "<group>";
		};
/* End PBXGroup section */

/* Begin PBXNativeTarget section */
		5EB575862AE96756004B674D /* ToDoList */ = {
			isa = PBXNativeTarget;
			buildConfigurationList = 5EB575AB2AE96758004B674D /* Build configuration list for PBXNativeTarget "ToDoList" */;
			buildPhases = (
				5EB575832AE96756004B674D /* Sources */,
				5EB575842AE96756004B674D /* Frameworks */,
				5EB575852AE96756004B674D /* Resources */,
			);
			buildRules = (
			);
			dependencies = (
			);
			name = ToDoList;
			packageProductDependencies = (
				5EB575B52AE96A21004B674D /* FirebaseAuth */,
				5EB575B72AE96A21004B674D /* FirebaseFirestore */,
				5EB575B92AE96A21004B674D /* FirebaseFirestoreSwift */,
			);
			productName = ToDoList;
			productReference = 5EB575872AE96756004B674D /* ToDoList.app */;
			productType = "com.apple.product-type.application";
		};
		5EB575962AE96758004B674D /* ToDoListTests */ = {
			isa = PBXNativeTarget;
			buildConfigurationList = 5EB575AE2AE96758004B674D /* Build configuration list for PBXNativeTarget "ToDoListTests" */;
			buildPhases = (
				5EB575932AE96758004B674D /* Sources */,
				5EB575942AE96758004B674D /* Frameworks */,
				5EB575952AE96758004B674D /* Resources */,
			);
			buildRules = (
			);
			dependencies = (
				5EB575992AE96758004B674D /* PBXTargetDependency */,
			);
			name = ToDoListTests;
			productName = ToDoListTests;
			productReference = 5EB575972AE96758004B674D /* ToDoListTests.xctest */;
			productType = "com.apple.product-type.bundle.unit-test";
		};
		5EB575A02AE96758004B674D /* ToDoListUITests */ = {
			isa = PBXNativeTarget;
			buildConfigurationList = 5EB575B12AE96758004B674D /* Build configuration list for PBXNativeTarget "ToDoListUITests" */;
			buildPhases = (
				5EB5759D2AE96758004B674D /* Sources */,
				5EB5759E2AE96758004B674D /* Frameworks */,
				5EB5759F2AE96758004B674D /* Resources */,
			);
			buildRules = (
			);
			dependencies = (
				5EB575A32AE96758004B674D /* PBXTargetDependency */,
			);
			name = ToDoListUITests;
			productName = ToDoListUITests;
			productReference = 5EB575A12AE96758004B674D /* ToDoListUITests.xctest */;
			productType = "com.apple.product-type.bundle.ui-testing";
		};
/* End PBXNativeTarget section */

/* Begin PBXProject section */
		5EB5757F2AE96756004B674D /* Project object */ = {
			isa = PBXProject;
			attributes = {
				BuildIndependentTargetsInParallel = 1;
				LastSwiftUpdateCheck = 1500;
				LastUpgradeCheck = 1500;
				TargetAttributes = {
					5EB575862AE96756004B674D = {
						CreatedOnToolsVersion = 15.0.1;
					};
					5EB575962AE96758004B674D = {
						CreatedOnToolsVersion = 15.0.1;
						TestTargetID = 5EB575862AE96756004B674D;
					};
					5EB575A02AE96758004B674D = {
						CreatedOnToolsVersion = 15.0.1;
						TestTargetID = 5EB575862AE96756004B674D;
					};
				};
			};
			buildConfigurationList = 5EB575822AE96756004B674D /* Build configuration list for PBXProject "ToDoList" */;
			compatibilityVersion = "Xcode 14.0";
			developmentRegion = en;
			hasScannedForEncodings = 0;
			knownRegions = (
				en,
				Base,
			);
			mainGroup = 5EB5757E2AE96756004B674D;
			packageReferences = (
				5EB575B42AE96A20004B674D /* XCRemoteSwiftPackageReference "firebase-ios-sdk" */,
			);
			productRefGroup = 5EB575882AE96756004B674D /* Products */;
			projectDirPath = "";
			projectRoot = "";
			targets = (
				5EB575862AE96756004B674D /* ToDoList */,
				5EB575962AE96758004B674D /* ToDoListTests */,
				5EB575A02AE96758004B674D /* ToDoListUITests */,
			);
		};
/* End PBXProject section */

/* Begin PBXResourcesBuildPhase section */
		5EB575852AE96756004B674D /* Resources */ = {
			isa = PBXResourcesBuildPhase;
			buildActionMask = 2147483647;
			files = (
				5EB575922AE96758004B674D /* Preview Assets.xcassets in Resources */,
				5EB5758F2AE96758004B674D /* Assets.xcassets in Resources */,
				5EF8E6292AEA10EC00D711B2 /* Launch Screen.storyboard in Resources */,
				5EB575BC2AE96E8C004B674D /* GoogleService-Info.plist in Resources */,
			);
			runOnlyForDeploymentPostprocessing = 0;
		};
		5EB575952AE96758004B674D /* Resources */ = {
			isa = PBXResourcesBuildPhase;
			buildActionMask = 2147483647;
			files = (
			);
			runOnlyForDeploymentPostprocessing = 0;
		};
		5EB5759F2AE96758004B674D /* Resources */ = {
			isa = PBXResourcesBuildPhase;
			buildActionMask = 2147483647;
			files = (
			);
			runOnlyForDeploymentPostprocessing = 0;
		};
/* End PBXResourcesBuildPhase section */

/* Begin PBXSourcesBuildPhase section */
		5EB575832AE96756004B674D /* Sources */ = {
			isa = PBXSourcesBuildPhase;
			buildActionMask = 2147483647;
			files = (
				5EB575C82AE971F0004B674D /* LoginView.swift in Sources */,
				5EB575E02AE976D3004B674D /* HeaderView.swift in Sources */,
				5EB5758D2AE96756004B674D /* MainView.swift in Sources */,
				5EB575DC2AE9736A004B674D /* RegisterViewViewModel.swift in Sources */,
				5EB575D22AE97301004B674D /* MainViewViewModel.swift in Sources */,
				5EB575C42AE971C6004B674D /* ToDoListView.swift in Sources */,
				5EB575CA2AE971FD004B674D /* RegisterView.swift in Sources */,
				5EB575E22AE98C2F004B674D /* TLButton.swift in Sources */,
				5EB575C22AE971A1004B674D /* ProfileView.swift in Sources */,
				5EB575CE2AE972C7004B674D /* User.swift in Sources */,
				5EB575CC2AE97228004B674D /* ToDoListItemView.swift in Sources */,
				5EB5758B2AE96756004B674D /* ToDoListApp.swift in Sources */,
				5EB575D62AE9732F004B674D /* ToDoListViewViewModel.swift in Sources */,
				5EB575DA2AE9735B004B674D /* LoginViewViewModel.swift in Sources */,
				5EB575D42AE9731A004B674D /* ProfielViewViewModel.swift in Sources */,
				5EB575E42AE9BB24004B674D /* Extensions.swift in Sources */,
				5EB575D02AE972DF004B674D /* ToDoListItem.swift in Sources */,
				5EB575C62AE971E0004B674D /* NewItemView.swift in Sources */,
				5EB575D82AE97347004B674D /* NewItemViewViewModel.swift in Sources */,
				5EB575DE2AE9738D004B674D /* ToDoListItemViewViewModel.swift in Sources */,
			);
			runOnlyForDeploymentPostprocessing = 0;
		};
		5EB575932AE96758004B674D /* Sources */ = {
			isa = PBXSourcesBuildPhase;
			buildActionMask = 2147483647;
			files = (
				5EB5759C2AE96758004B674D /* ToDoListTests.swift in Sources */,
			);
			runOnlyForDeploymentPostprocessing = 0;
		};
		5EB5759D2AE96758004B674D /* Sources */ = {
			isa = PBXSourcesBuildPhase;
			buildActionMask = 2147483647;
			files = (
				5EB575A82AE96758004B674D /* ToDoListUITestsLaunchTests.swift in Sources */,
				5EB575A62AE96758004B674D /* ToDoListUITests.swift in Sources */,
			);
			runOnlyForDeploymentPostprocessing = 0;
		};
/* End PBXSourcesBuildPhase section */

/* Begin PBXTargetDependency section */
		5EB575992AE96758004B674D /* PBXTargetDependency */ = {
			isa = PBXTargetDependency;
			target = 5EB575862AE96756004B674D /* ToDoList */;
			targetProxy = 5EB575982AE96758004B674D /* PBXContainerItemProxy */;
		};
		5EB575A32AE96758004B674D /* PBXTargetDependency */ = {
			isa = PBXTargetDependency;
			target = 5EB575862AE96756004B674D /* ToDoList */;
			targetProxy = 5EB575A22AE96758004B674D /* PBXContainerItemProxy */;
		};
/* End PBXTargetDependency section */

/* Begin XCBuildConfiguration section */
		5EB575A92AE96758004B674D /* Debug */ = {
			isa = XCBuildConfiguration;
			buildSettings = {
				ALWAYS_SEARCH_USER_PATHS = NO;
				ASSETCATALOG_COMPILER_GENERATE_SWIFT_ASSET_SYMBOL_EXTENSIONS = YES;
				CLANG_ANALYZER_NONNULL = YES;
				CLANG_ANALYZER_NUMBER_OBJECT_CONVERSION = YES_AGGRESSIVE;
				CLANG_CXX_LANGUAGE_STANDARD = "gnu++20";
				CLANG_ENABLE_MODULES = YES;
				CLANG_ENABLE_OBJC_ARC = YES;
				CLANG_ENABLE_OBJC_WEAK = YES;
				CLANG_WARN_BLOCK_CAPTURE_AUTORELEASING = YES;
				CLANG_WARN_BOOL_CONVERSION = YES;
				CLANG_WARN_COMMA = YES;
				CLANG_WARN_CONSTANT_CONVERSION = YES;
				CLANG_WARN_DEPRECATED_OBJC_IMPLEMENTATIONS = YES;
				CLANG_WARN_DIRECT_OBJC_ISA_USAGE = YES_ERROR;
				CLANG_WARN_DOCUMENTATION_COMMENTS = YES;
				CLANG_WARN_EMPTY_BODY = YES;
				CLANG_WARN_ENUM_CONVERSION = YES;
				CLANG_WARN_INFINITE_RECURSION = YES;
				CLANG_WARN_INT_CONVERSION = YES;
				CLANG_WARN_NON_LITERAL_NULL_CONVERSION = YES;
				CLANG_WARN_OBJC_IMPLICIT_RETAIN_SELF = YES;
				CLANG_WARN_OBJC_LITERAL_CONVERSION = YES;
				CLANG_WARN_OBJC_ROOT_CLASS = YES_ERROR;
				CLANG_WARN_QUOTED_INCLUDE_IN_FRAMEWORK_HEADER = YES;
				CLANG_WARN_RANGE_LOOP_ANALYSIS = YES;
				CLANG_WARN_STRICT_PROTOTYPES = YES;
				CLANG_WARN_SUSPICIOUS_MOVE = YES;
				CLANG_WARN_UNGUARDED_AVAILABILITY = YES_AGGRESSIVE;
				CLANG_WARN_UNREACHABLE_CODE = YES;
				CLANG_WARN__DUPLICATE_METHOD_MATCH = YES;
				COPY_PHASE_STRIP = NO;
				DEBUG_INFORMATION_FORMAT = dwarf;
				ENABLE_STRICT_OBJC_MSGSEND = YES;
				ENABLE_TESTABILITY = YES;
				ENABLE_USER_SCRIPT_SANDBOXING = YES;
				GCC_C_LANGUAGE_STANDARD = gnu17;
				GCC_DYNAMIC_NO_PIC = NO;
				GCC_NO_COMMON_BLOCKS = YES;
				GCC_OPTIMIZATION_LEVEL = 0;
				GCC_PREPROCESSOR_DEFINITIONS = (
					"DEBUG=1",
					"$(inherited)",
				);
				GCC_WARN_64_TO_32_BIT_CONVERSION = YES;
				GCC_WARN_ABOUT_RETURN_TYPE = YES_ERROR;
				GCC_WARN_UNDECLARED_SELECTOR = YES;
				GCC_WARN_UNINITIALIZED_AUTOS = YES_AGGRESSIVE;
				GCC_WARN_UNUSED_FUNCTION = YES;
				GCC_WARN_UNUSED_VARIABLE = YES;
				IPHONEOS_DEPLOYMENT_TARGET = 17.0;
				LOCALIZATION_PREFERS_STRING_CATALOGS = YES;
				MTL_ENABLE_DEBUG_INFO = INCLUDE_SOURCE;
				MTL_FAST_MATH = YES;
				ONLY_ACTIVE_ARCH = YES;
				SDKROOT = iphoneos;
				SWIFT_ACTIVE_COMPILATION_CONDITIONS = "DEBUG $(inherited)";
				SWIFT_OPTIMIZATION_LEVEL = "-Onone";
			};
			name = Debug;
		};
		5EB575AA2AE96758004B674D /* Release */ = {
			isa = XCBuildConfiguration;
			buildSettings = {
				ALWAYS_SEARCH_USER_PATHS = NO;
				ASSETCATALOG_COMPILER_GENERATE_SWIFT_ASSET_SYMBOL_EXTENSIONS = YES;
				CLANG_ANALYZER_NONNULL = YES;
				CLANG_ANALYZER_NUMBER_OBJECT_CONVERSION = YES_AGGRESSIVE;
				CLANG_CXX_LANGUAGE_STANDARD = "gnu++20";
				CLANG_ENABLE_MODULES = YES;
				CLANG_ENABLE_OBJC_ARC = YES;
				CLANG_ENABLE_OBJC_WEAK = YES;
				CLANG_WARN_BLOCK_CAPTURE_AUTORELEASING = YES;
				CLANG_WARN_BOOL_CONVERSION = YES;
				CLANG_WARN_COMMA = YES;
				CLANG_WARN_CONSTANT_CONVERSION = YES;
				CLANG_WARN_DEPRECATED_OBJC_IMPLEMENTATIONS = YES;
				CLANG_WARN_DIRECT_OBJC_ISA_USAGE = YES_ERROR;
				CLANG_WARN_DOCUMENTATION_COMMENTS = YES;
				CLANG_WARN_EMPTY_BODY = YES;
				CLANG_WARN_ENUM_CONVERSION = YES;
				CLANG_WARN_INFINITE_RECURSION = YES;
				CLANG_WARN_INT_CONVERSION = YES;
				CLANG_WARN_NON_LITERAL_NULL_CONVERSION = YES;
				CLANG_WARN_OBJC_IMPLICIT_RETAIN_SELF = YES;
				CLANG_WARN_OBJC_LITERAL_CONVERSION = YES;
				CLANG_WARN_OBJC_ROOT_CLASS = YES_ERROR;
				CLANG_WARN_QUOTED_INCLUDE_IN_FRAMEWORK_HEADER = YES;
				CLANG_WARN_RANGE_LOOP_ANALYSIS = YES;
				CLANG_WARN_STRICT_PROTOTYPES = YES;
				CLANG_WARN_SUSPICIOUS_MOVE = YES;
				CLANG_WARN_UNGUARDED_AVAILABILITY = YES_AGGRESSIVE;
				CLANG_WARN_UNREACHABLE_CODE = YES;
				CLANG_WARN__DUPLICATE_METHOD_MATCH = YES;
				COPY_PHASE_STRIP = NO;
				DEBUG_INFORMATION_FORMAT = "dwarf-with-dsym";
				ENABLE_NS_ASSERTIONS = NO;
				ENABLE_STRICT_OBJC_MSGSEND = YES;
				ENABLE_USER_SCRIPT_SANDBOXING = YES;
				GCC_C_LANGUAGE_STANDARD = gnu17;
				GCC_NO_COMMON_BLOCKS = YES;
				GCC_WARN_64_TO_32_BIT_CONVERSION = YES;
				GCC_WARN_ABOUT_RETURN_TYPE = YES_ERROR;
				GCC_WARN_UNDECLARED_SELECTOR = YES;
				GCC_WARN_UNINITIALIZED_AUTOS = YES_AGGRESSIVE;
				GCC_WARN_UNUSED_FUNCTION = YES;
				GCC_WARN_UNUSED_VARIABLE = YES;
				IPHONEOS_DEPLOYMENT_TARGET = 17.0;
				LOCALIZATION_PREFERS_STRING_CATALOGS = YES;
				MTL_ENABLE_DEBUG_INFO = NO;
				MTL_FAST_MATH = YES;
				SDKROOT = iphoneos;
				SWIFT_COMPILATION_MODE = wholemodule;
				VALIDATE_PRODUCT = YES;
			};
			name = Release;
		};
		5EB575AC2AE96758004B674D /* Debug */ = {
			isa = XCBuildConfiguration;
			buildSettings = {
				ASSETCATALOG_COMPILER_APPICON_NAME = AppIcon;
				ASSETCATALOG_COMPILER_GLOBAL_ACCENT_COLOR_NAME = AccentColor;
				CODE_SIGN_STYLE = Automatic;
				CURRENT_PROJECT_VERSION = 1;
				DEVELOPMENT_ASSET_PATHS = "\"ToDoList/Preview Content\"";
				ENABLE_PREVIEWS = YES;
				GENERATE_INFOPLIST_FILE = YES;
				INFOPLIST_KEY_CFBundleDisplayName = "To Do List";
				INFOPLIST_KEY_UIApplicationSceneManifest_Generation = YES;
				INFOPLIST_KEY_UIApplicationSupportsIndirectInputEvents = YES;
				INFOPLIST_KEY_UILaunchScreen_Generation = YES;
				INFOPLIST_KEY_UILaunchStoryboardName = "Launch Screen.storyboard";
				INFOPLIST_KEY_UISupportedInterfaceOrientations = UIInterfaceOrientationPortrait;
				LD_RUNPATH_SEARCH_PATHS = (
					"$(inherited)",
					"@executable_path/Frameworks",
				);
				MARKETING_VERSION = 1.0;
				PRODUCT_BUNDLE_IDENTIFIER = INFO6350.ToDoList;
				PRODUCT_NAME = "$(TARGET_NAME)";
				SWIFT_EMIT_LOC_STRINGS = YES;
				SWIFT_VERSION = 5.0;
				TARGETED_DEVICE_FAMILY = "1,2";
			};
			name = Debug;
		};
		5EB575AD2AE96758004B674D /* Release */ = {
			isa = XCBuildConfiguration;
			buildSettings = {
				ASSETCATALOG_COMPILER_APPICON_NAME = AppIcon;
				ASSETCATALOG_COMPILER_GLOBAL_ACCENT_COLOR_NAME = AccentColor;
				CODE_SIGN_STYLE = Automatic;
				CURRENT_PROJECT_VERSION = 1;
				DEVELOPMENT_ASSET_PATHS = "\"ToDoList/Preview Content\"";
				ENABLE_PREVIEWS = YES;
				GENERATE_INFOPLIST_FILE = YES;
				INFOPLIST_KEY_CFBundleDisplayName = "To Do List";
				INFOPLIST_KEY_UIApplicationSceneManifest_Generation = YES;
				INFOPLIST_KEY_UIApplicationSupportsIndirectInputEvents = YES;
				INFOPLIST_KEY_UILaunchScreen_Generation = YES;
				INFOPLIST_KEY_UILaunchStoryboardName = "Launch Screen.storyboard";
				INFOPLIST_KEY_UISupportedInterfaceOrientations = UIInterfaceOrientationPortrait;
				LD_RUNPATH_SEARCH_PATHS = (
					"$(inherited)",
					"@executable_path/Frameworks",
				);
				MARKETING_VERSION = 1.0;
				PRODUCT_BUNDLE_IDENTIFIER = INFO6350.ToDoList;
				PRODUCT_NAME = "$(TARGET_NAME)";
				SWIFT_EMIT_LOC_STRINGS = YES;
				SWIFT_VERSION = 5.0;
				TARGETED_DEVICE_FAMILY = "1,2";
			};
			name = Release;
		};
		5EB575AF2AE96758004B674D /* Debug */ = {
			isa = XCBuildConfiguration;
			buildSettings = {
				ALWAYS_EMBED_SWIFT_STANDARD_LIBRARIES = YES;
				BUNDLE_LOADER = "$(TEST_HOST)";
				CODE_SIGN_STYLE = Automatic;
				CURRENT_PROJECT_VERSION = 1;
				GENERATE_INFOPLIST_FILE = YES;
				IPHONEOS_DEPLOYMENT_TARGET = 17.0;
				MARKETING_VERSION = 1.0;
				PRODUCT_BUNDLE_IDENTIFIER = INFO6350.ToDoListTests;
				PRODUCT_NAME = "$(TARGET_NAME)";
				SWIFT_EMIT_LOC_STRINGS = NO;
				SWIFT_VERSION = 5.0;
				TARGETED_DEVICE_FAMILY = "1,2";
				TEST_HOST = "$(BUILT_PRODUCTS_DIR)/ToDoList.app/$(BUNDLE_EXECUTABLE_FOLDER_PATH)/ToDoList";
			};
			name = Debug;
		};
		5EB575B02AE96758004B674D /* Release */ = {
			isa = XCBuildConfiguration;
			buildSettings = {
				ALWAYS_EMBED_SWIFT_STANDARD_LIBRARIES = YES;
				BUNDLE_LOADER = "$(TEST_HOST)";
				CODE_SIGN_STYLE = Automatic;
				CURRENT_PROJECT_VERSION = 1;
				GENERATE_INFOPLIST_FILE = YES;
				IPHONEOS_DEPLOYMENT_TARGET = 17.0;
				MARKETING_VERSION = 1.0;
				PRODUCT_BUNDLE_IDENTIFIER = INFO6350.ToDoListTests;
				PRODUCT_NAME = "$(TARGET_NAME)";
				SWIFT_EMIT_LOC_STRINGS = NO;
				SWIFT_VERSION = 5.0;
				TARGETED_DEVICE_FAMILY = "1,2";
				TEST_HOST = "$(BUILT_PRODUCTS_DIR)/ToDoList.app/$(BUNDLE_EXECUTABLE_FOLDER_PATH)/ToDoList";
			};
			name = Release;
		};
		5EB575B22AE96758004B674D /* Debug */ = {
			isa = XCBuildConfiguration;
			buildSettings = {
				ALWAYS_EMBED_SWIFT_STANDARD_LIBRARIES = YES;
				CODE_SIGN_STYLE = Automatic;
				CURRENT_PROJECT_VERSION = 1;
				GENERATE_INFOPLIST_FILE = YES;
				MARKETING_VERSION = 1.0;
				PRODUCT_BUNDLE_IDENTIFIER = INFO6350.ToDoListUITests;
				PRODUCT_NAME = "$(TARGET_NAME)";
				SWIFT_EMIT_LOC_STRINGS = NO;
				SWIFT_VERSION = 5.0;
				TARGETED_DEVICE_FAMILY = "1,2";
				TEST_TARGET_NAME = ToDoList;
			};
			name = Debug;
		};
		5EB575B32AE96758004B674D /* Release */ = {
			isa = XCBuildConfiguration;
			buildSettings = {
				ALWAYS_EMBED_SWIFT_STANDARD_LIBRARIES = YES;
				CODE_SIGN_STYLE = Automatic;
				CURRENT_PROJECT_VERSION = 1;
				GENERATE_INFOPLIST_FILE = YES;
				MARKETING_VERSION = 1.0;
				PRODUCT_BUNDLE_IDENTIFIER = INFO6350.ToDoListUITests;
				PRODUCT_NAME = "$(TARGET_NAME)";
				SWIFT_EMIT_LOC_STRINGS = NO;
				SWIFT_VERSION = 5.0;
				TARGETED_DEVICE_FAMILY = "1,2";
				TEST_TARGET_NAME = ToDoList;
			};
			name = Release;
		};
/* End XCBuildConfiguration section */

/* Begin XCConfigurationList section */
		5EB575822AE96756004B674D /* Build configuration list for PBXProject "ToDoList" */ = {
			isa = XCConfigurationList;
			buildConfigurations = (
				5EB575A92AE96758004B674D /* Debug */,
				5EB575AA2AE96758004B674D /* Release */,
			);
			defaultConfigurationIsVisible = 0;
			defaultConfigurationName = Release;
		};
		5EB575AB2AE96758004B674D /* Build configuration list for PBXNativeTarget "ToDoList" */ = {
			isa = XCConfigurationList;
			buildConfigurations = (
				5EB575AC2AE96758004B674D /* Debug */,
				5EB575AD2AE96758004B674D /* Release */,
			);
			defaultConfigurationIsVisible = 0;
			defaultConfigurationName = Release;
		};
		5EB575AE2AE96758004B674D /* Build configuration list for PBXNativeTarget "ToDoListTests" */ = {
			isa = XCConfigurationList;
			buildConfigurations = (
				5EB575AF2AE96758004B674D /* Debug */,
				5EB575B02AE96758004B674D /* Release */,
			);
			defaultConfigurationIsVisible = 0;
			defaultConfigurationName = Release;
		};
		5EB575B12AE96758004B674D /* Build configuration list for PBXNativeTarget "ToDoListUITests" */ = {
			isa = XCConfigurationList;
			buildConfigurations = (
				5EB575B22AE96758004B674D /* Debug */,
				5EB575B32AE96758004B674D /* Release */,
			);
			defaultConfigurationIsVisible = 0;
			defaultConfigurationName = Release;
		};
/* End XCConfigurationList section */

/* Begin XCRemoteSwiftPackageReference section */
		5EB575B42AE96A20004B674D /* XCRemoteSwiftPackageReference "firebase-ios-sdk" */ = {
			isa = XCRemoteSwiftPackageReference;
			repositoryURL = "https://github.com/firebase/firebase-ios-sdk";
			requirement = {
				kind = upToNextMajorVersion;
				minimumVersion = 10.16.0;
			};
		};
/* End XCRemoteSwiftPackageReference section */

/* Begin XCSwiftPackageProductDependency section */
		5EB575B52AE96A21004B674D /* FirebaseAuth */ = {
			isa = XCSwiftPackageProductDependency;
			package = 5EB575B42AE96A20004B674D /* XCRemoteSwiftPackageReference "firebase-ios-sdk" */;
			productName = FirebaseAuth;
		};
		5EB575B72AE96A21004B674D /* FirebaseFirestore */ = {
			isa = XCSwiftPackageProductDependency;
			package = 5EB575B42AE96A20004B674D /* XCRemoteSwiftPackageReference "firebase-ios-sdk" */;
			productName = FirebaseFirestore;
		};
		5EB575B92AE96A21004B674D /* FirebaseFirestoreSwift */ = {
			isa = XCSwiftPackageProductDependency;
			package = 5EB575B42AE96A20004B674D /* XCRemoteSwiftPackageReference "firebase-ios-sdk" */;
			productName = FirebaseFirestoreSwift;
		};
/* End XCSwiftPackageProductDependency section */
	};
	rootObject = 5EB5757F2AE96756004B674D /* Project object */;
}
